
Microsoft Visual Studio Solution File, Format Version 12.00
# Visual Studio Version 17
VisualStudioVersion = 17.7.34009.444
MinimumVisualStudioVersion = 10.0.40219.1
Project("{FAE04EC0-301F-11D3-BF4B-00C04F79EFBC}") = "WebBancoITM", "WebBancoITM.csproj", "{FAFC6574-E1C8-47A1-9D62-62014D3F54EC}"
EndProject
Global
	GlobalSection(SolutionConfigurationPlatforms) = preSolution
		Debug|Any CPU = Debug|Any CPU
		Release|Any CPU = Release|Any CPU
	EndGlobalSection
	GlobalSection(ProjectConfigurationPlatforms) = postSolution
		{FAFC6574-E1C8-47A1-9D62-62014D3F54EC}.Debug|Any CPU.ActiveCfg = Debug|Any CPU
		{FAFC6574-E1C8-47A1-9D62-62014D3F54EC}.Debug|Any CPU.Build.0 = Debug|Any CPU
		{FAFC6574-E1C8-47A1-9D62-62014D3F54EC}.Release|Any CPU.ActiveCfg = Release|Any CPU
		{FAFC6574-E1C8-47A1-9D62-62014D3F54EC}.Release|Any CPU.Build.0 = Release|Any CPU
	EndGlobalSection
	GlobalSection(SolutionProperties) = preSolution
		HideSolutionNode = FALSE
	EndGlobalSection
	GlobalSection(ExtensibilityGlobals) = postSolution
		SolutionGuid = {A072E841-9F9C-419A-A703-FFD9F41F7803}
	EndGlobalSection
EndGlobal
